
Microsoft Visual Studio Solution File, Format Version 12.00
Project("{FAE04EC0-301F-11D3-BF4B-00C04F79EFBC}") = "Perf0", "Perf0\Perf0.csproj", "{DDCFB3E2-7681-4DF8-97E8-C76F2FFB1FA7}"
EndProject
Project("{FAE04EC0-301F-11D3-BF4B-00C04F79EFBC}") = "Perf0Test", "Perf0Test\Perf0Test.csproj", "{1F2B4620-7C0F-4073-AC28-09E68166DADA}"
EndProject
Project("{2150E333-8FDC-42A3-9474-1A3956D46DE8}") = "ZigZag", "ZigZag", "{658FBBD0-E524-4C1F-A69E-63B3A8C5FBF7}"
EndProject
Project("{FAE04EC0-301F-11D3-BF4B-00C04F79EFBC}") = "ZigZag", "ZigZag\ZigZag\ZigZag.csproj", "{13521187-9D55-4258-972E-F4C4FBDF6561}"
EndProject
Project("{FAE04EC0-301F-11D3-BF4B-00C04F79EFBC}") = "ZigZagTest", "ZigZag\ZigZagTest\ZigZagTest.csproj", "{05952FDC-76A0-4B88-BFBE-BC78A32EEBAA}"
EndProject
Project("{2150E333-8FDC-42A3-9474-1A3956D46DE8}") = "Recursion", "Recursion", "{718A699F-C960-439D-9B39-E7887AFA9ACF}"
EndProject
Project("{FAE04EC0-301F-11D3-BF4B-00C04F79EFBC}") = "Permutation", "Recursion\Permutation\Permutation\Permutation.csproj", "{BC9F2402-2E03-4FA7-8968-C6113802866A}"
EndProject
Project("{FAE04EC0-301F-11D3-BF4B-00C04F79EFBC}") = "PermutationTest", "Recursion\PermutationTest\PermutationTest.csproj", "{79FD1426-06BA-4E8A-9D7D-D1EDD8AA4E5D}"
EndProject
Project("{FAE04EC0-301F-11D3-BF4B-00C04F79EFBC}") = "PermutationBenchmark", "Recursion\PermutationBenchmark\PermutationBenchmark.csproj", "{15EC4D20-FEE0-41B6-A862-E70A74D731B6}"
EndProject
Global
	GlobalSection(SolutionConfigurationPlatforms) = preSolution
		Debug|Any CPU = Debug|Any CPU
		Release|Any CPU = Release|Any CPU
	EndGlobalSection
	GlobalSection(ProjectConfigurationPlatforms) = postSolution
		{DDCFB3E2-7681-4DF8-97E8-C76F2FFB1FA7}.Debug|Any CPU.ActiveCfg = Debug|Any CPU
		{DDCFB3E2-7681-4DF8-97E8-C76F2FFB1FA7}.Debug|Any CPU.Build.0 = Debug|Any CPU
		{DDCFB3E2-7681-4DF8-97E8-C76F2FFB1FA7}.Release|Any CPU.ActiveCfg = Release|Any CPU
		{DDCFB3E2-7681-4DF8-97E8-C76F2FFB1FA7}.Release|Any CPU.Build.0 = Release|Any CPU
		{1F2B4620-7C0F-4073-AC28-09E68166DADA}.Debug|Any CPU.ActiveCfg = Debug|Any CPU
		{1F2B4620-7C0F-4073-AC28-09E68166DADA}.Debug|Any CPU.Build.0 = Debug|Any CPU
		{1F2B4620-7C0F-4073-AC28-09E68166DADA}.Release|Any CPU.ActiveCfg = Release|Any CPU
		{1F2B4620-7C0F-4073-AC28-09E68166DADA}.Release|Any CPU.Build.0 = Release|Any CPU
		{13521187-9D55-4258-972E-F4C4FBDF6561}.Debug|Any CPU.ActiveCfg = Debug|Any CPU
		{13521187-9D55-4258-972E-F4C4FBDF6561}.Debug|Any CPU.Build.0 = Debug|Any CPU
		{13521187-9D55-4258-972E-F4C4FBDF6561}.Release|Any CPU.ActiveCfg = Release|Any CPU
		{13521187-9D55-4258-972E-F4C4FBDF6561}.Release|Any CPU.Build.0 = Release|Any CPU
		{05952FDC-76A0-4B88-BFBE-BC78A32EEBAA}.Debug|Any CPU.ActiveCfg = Debug|Any CPU
		{05952FDC-76A0-4B88-BFBE-BC78A32EEBAA}.Debug|Any CPU.Build.0 = Debug|Any CPU
		{05952FDC-76A0-4B88-BFBE-BC78A32EEBAA}.Release|Any CPU.ActiveCfg = Release|Any CPU
		{05952FDC-76A0-4B88-BFBE-BC78A32EEBAA}.Release|Any CPU.Build.0 = Release|Any CPU
		{BC9F2402-2E03-4FA7-8968-C6113802866A}.Debug|Any CPU.ActiveCfg = Debug|Any CPU
		{BC9F2402-2E03-4FA7-8968-C6113802866A}.Debug|Any CPU.Build.0 = Debug|Any CPU
		{BC9F2402-2E03-4FA7-8968-C6113802866A}.Release|Any CPU.ActiveCfg = Release|Any CPU
		{BC9F2402-2E03-4FA7-8968-C6113802866A}.Release|Any CPU.Build.0 = Release|Any CPU
		{79FD1426-06BA-4E8A-9D7D-D1EDD8AA4E5D}.Debug|Any CPU.ActiveCfg = Debug|Any CPU
		{79FD1426-06BA-4E8A-9D7D-D1EDD8AA4E5D}.Debug|Any CPU.Build.0 = Debug|Any CPU
		{79FD1426-06BA-4E8A-9D7D-D1EDD8AA4E5D}.Release|Any CPU.ActiveCfg = Release|Any CPU
		{79FD1426-06BA-4E8A-9D7D-D1EDD8AA4E5D}.Release|Any CPU.Build.0 = Release|Any CPU
		{15EC4D20-FEE0-41B6-A862-E70A74D731B6}.Debug|Any CPU.ActiveCfg = Debug|Any CPU
		{15EC4D20-FEE0-41B6-A862-E70A74D731B6}.Debug|Any CPU.Build.0 = Debug|Any CPU
		{15EC4D20-FEE0-41B6-A862-E70A74D731B6}.Release|Any CPU.ActiveCfg = Release|Any CPU
		{15EC4D20-FEE0-41B6-A862-E70A74D731B6}.Release|Any CPU.Build.0 = Release|Any CPU
	EndGlobalSection
	GlobalSection(NestedProjects) = preSolution
		{13521187-9D55-4258-972E-F4C4FBDF6561} = {658FBBD0-E524-4C1F-A69E-63B3A8C5FBF7}
		{05952FDC-76A0-4B88-BFBE-BC78A32EEBAA} = {658FBBD0-E524-4C1F-A69E-63B3A8C5FBF7}
		{BC9F2402-2E03-4FA7-8968-C6113802866A} = {718A699F-C960-439D-9B39-E7887AFA9ACF}
		{79FD1426-06BA-4E8A-9D7D-D1EDD8AA4E5D} = {718A699F-C960-439D-9B39-E7887AFA9ACF}
		{15EC4D20-FEE0-41B6-A862-E70A74D731B6} = {718A699F-C960-439D-9B39-E7887AFA9ACF}
	EndGlobalSection
EndGlobal
